{
  "name": "ngx-aircal",
  "version": "0.0.12",
  "lockfileVersion": 1,
  "requires": true,
  "dependencies": {
    "date-fns": {
      "version": "2.0.0-alpha.26",
      "resolved": "https://registry.npmjs.org/date-fns/-/date-fns-2.0.0-alpha.26.tgz",
      "integrity": "sha512-UAptCZ53MVimUFR8MXTyHED51AVGIqFlBfWgiS/KIoSYiJGrWScx4PYQVNSWfK2Js+43OlokCW1ttnexBTJ5Bg=="
    }
  }
}
